// !$*UTF8*$!
{
	archiveVersion = 1;
	classes = {
	};
	objectVersion = 46;
	objects = {

/* Begin PBXBuildFile section */
		22F486261CF2D78B003BBD57 /* main.m in Sources */ = {isa = PBXBuildFile; fileRef = 22F486251CF2D78B003BBD57 /* main.m */; };
		22F486291CF2D78B003BBD57 /* AppDelegate.m in Sources */ = {isa = PBXBuildFile; fileRef = 22F486281CF2D78B003BBD57 /* AppDelegate.m */; };
		22F4862C1CF2D78B003BBD57 /* ViewController.m in Sources */ = {isa = PBXBuildFile; fileRef = 22F4862B1CF2D78B003BBD57 /* ViewController.m */; };
		22F4862F1CF2D78B003BBD57 /* Main.storyboard in Resources */ = {isa = PBXBuildFile; fileRef = 22F4862D1CF2D78B003BBD57 /* Main.storyboard */; };
		22F486311CF2D78B003BBD57 /* Assets.xcassets in Resources */ = {isa = PBXBuildFile; fileRef = 22F486301CF2D78B003BBD57 /* Assets.xcassets */; };
		22F486341CF2D78B003BBD57 /* LaunchScreen.storyboard in Resources */ = {isa = PBXBuildFile; fileRef = 22F486321CF2D78B003BBD57 /* LaunchScreen.storyboard */; };
		22F4863F1CF2D78C003BBD57 /* SwitchSliderDemoTests.m in Sources */ = {isa = PBXBuildFile; fileRef = 22F4863E1CF2D78C003BBD57 /* SwitchSliderDemoTests.m */; };
		22F4864A1CF2D78C003BBD57 /* SwitchSliderDemoUITests.m in Sources */ = {isa = PBXBuildFile; fileRef = 22F486491CF2D78C003BBD57 /* SwitchSliderDemoUITests.m */; };
		22F486591CF2D809003BBD57 /* MySliderSwitch.m in Sources */ = {isa = PBXBuildFile; fileRef = 22F486581CF2D809003BBD57 /* MySliderSwitch.m */; };
/* End PBXBuildFile section */

/* Begin PBXContainerItemProxy section */
		22F4863B1CF2D78C003BBD57 /* PBXContainerItemProxy */ = {
			isa = PBXContainerItemProxy;
			containerPortal = 22F486191CF2D78B003BBD57 /* Project object */;
			proxyType = 1;
			remoteGlobalIDString = 22F486201CF2D78B003BBD57;
			remoteInfo = SwitchSliderDemo;
		};
		22F486461CF2D78C003BBD57 /* PBXContainerItemProxy */ = {
			isa = PBXContainerItemProxy;
			containerPortal = 22F486191CF2D78B003BBD57 /* Project object */;
			proxyType = 1;
			remoteGlobalIDString = 22F486201CF2D78B003BBD57;
			remoteInfo = SwitchSliderDemo;
		};
/* End PBXContainerItemProxy section */

/* Begin PBXFileReference section */
		22F486211CF2D78B003BBD57 /* SwitchSliderDemo.app */ = {isa = PBXFileReference; explicitFileType = wrapper.application; includeInIndex = 0; path = SwitchSliderDemo.app; sourceTree = BUILT_PRODUCTS_DIR; };
		22F486251CF2D78B003BBD57 /* main.m */ = {isa = PBXFileReference; lastKnownFileType = sourcecode.c.objc; path = main.m; sourceTree = "<group>"; };
		22F486271CF2D78B003BBD57 /* AppDelegate.h */ = {isa = PBXFileReference; lastKnownFileType = sourcecode.c.h; path = AppDelegate.h; sourceTree = "<group>"; };
		22F486281CF2D78B003BBD57 /* AppDelegate.m */ = {isa = PBXFileReference; lastKnownFileType = sourcecode.c.objc; path = AppDelegate.m; sourceTree = "<group>"; };
		22F4862A1CF2D78B003BBD57 /* ViewController.h */ = {isa = PBXFileReference; lastKnownFileType = sourcecode.c.h; path = ViewController.h; sourceTree = "<group>"; };
		22F4862B1CF2D78B003BBD57 /* ViewController.m */ = {isa = PBXFileReference; lastKnownFileType = sourcecode.c.objc; path = ViewController.m; sourceTree = "<group>"; };
		22F4862E1CF2D78B003BBD57 /* Base */ = {isa = PBXFileReference; lastKnownFileType = file.storyboard; name = Base; path = Base.lproj/Main.storyboard; sourceTree = "<group>"; };
		22F486301CF2D78B003BBD57 /* Assets.xcassets */ = {isa = PBXFileReference; lastKnownFileType = folder.assetcatalog; path = Assets.xcassets; sourceTree = "<group>"; };
		22F486331CF2D78B003BBD57 /* Base */ = {isa = PBXFileReference; lastKnownFileType = file.storyboard; name = Base; path = Base.lproj/LaunchScreen.storyboard; sourceTree = "<group>"; };
		22F486351CF2D78B003BBD57 /* Info.plist */ = {isa = PBXFileReference; lastKnownFileType = text.plist.xml; path = Info.plist; sourceTree = "<group>"; };
		22F4863A1CF2D78C003BBD57 /* SwitchSliderDemoTests.xctest */ = {isa = PBXFileReference; explicitFileType = wrapper.cfbundle; includeInIndex = 0; path = SwitchSliderDemoTests.xctest; sourceTree = BUILT_PRODUCTS_DIR; };
		22F4863E1CF2D78C003BBD57 /* SwitchSliderDemoTests.m */ = {isa = PBXFileReference; lastKnownFileType = sourcecode.c.objc; path = SwitchSliderDemoTests.m; sourceTree = "<group>"; };
		22F486401CF2D78C003BBD57 /* Info.plist */ = {isa = PBXFileReference; lastKnownFileType = text.plist.xml; path = Info.plist; sourceTree = "<group>"; };
		22F486451CF2D78C003BBD57 /* SwitchSliderDemoUITests.xctest */ = {isa = PBXFileReference; explicitFileType = wrapper.cfbundle; includeInIndex = 0; path = SwitchSliderDemoUITests.xctest; sourceTree = BUILT_PRODUCTS_DIR; };
		22F486491CF2D78C003BBD57 /* SwitchSliderDemoUITests.m */ = {isa = PBXFileReference; lastKnownFileType = sourcecode.c.objc; path = SwitchSliderDemoUITests.m; sourceTree = "<group>"; };
		22F4864B1CF2D78C003BBD57 /* Info.plist */ = {isa = PBXFileReference; lastKnownFileType = text.plist.xml; path = Info.plist; sourceTree = "<group>"; };
		22F486571CF2D809003BBD57 /* MySliderSwitch.h */ = {isa = PBXFileReference; fileEncoding = 4; lastKnownFileType = sourcecode.c.h; path = MySliderSwitch.h; sourceTree = "<group>"; };
		22F486581CF2D809003BBD57 /* MySliderSwitch.m */ = {isa = PBXFileReference; fileEncoding = 4; lastKnownFileType = sourcecode.c.objc; path = MySliderSwitch.m; sourceTree = "<group>"; };
/* End PBXFileReference section */

/* Begin PBXFrameworksBuildPhase section */
		22F4861E1CF2D78B003BBD57 /* Frameworks */ = {
			isa = PBXFrameworksBuildPhase;
			buildActionMask = 2147483647;
			files = (
			);
			runOnlyForDeploymentPostprocessing = 0;
		};
		22F486371CF2D78C003BBD57 /* Frameworks */ = {
			isa = PBXFrameworksBuildPhase;
			buildActionMask = 2147483647;
			files = (
			);
			runOnlyForDeploymentPostprocessing = 0;
		};
		22F486421CF2D78C003BBD57 /* Frameworks */ = {
			isa = PBXFrameworksBuildPhase;
			buildActionMask = 2147483647;
			files = (
			);
			runOnlyForDeploymentPostprocessing = 0;
		};
/* End PBXFrameworksBuildPhase section */

/* Begin PBXGroup section */
		22F486181CF2D78B003BBD57 = {
			isa = PBXGroup;
			children = (
				22F486231CF2D78B003BBD57 /* SwitchSliderDemo */,
				22F4863D1CF2D78C003BBD57 /* SwitchSliderDemoTests */,
				22F486481CF2D78C003BBD57 /* SwitchSliderDemoUITests */,
				22F486221CF2D78B003BBD57 /* Products */,
			);
			sourceTree = "<group>";
		};
		22F486221CF2D78B003BBD57 /* Products */ = {
			isa = PBXGroup;
			children = (
				22F486211CF2D78B003BBD57 /* SwitchSliderDemo.app */,
				22F4863A1CF2D78C003BBD57 /* SwitchSliderDemoTests.xctest */,
				22F486451CF2D78C003BBD57 /* SwitchSliderDemoUITests.xctest */,
			);
			name = Products;
			sourceTree = "<group>";
		};
		22F486231CF2D78B003BBD57 /* SwitchSliderDemo */ = {
			isa = PBXGroup;
			children = (
				22F486271CF2D78B003BBD57 /* AppDelegate.h */,
				22F486281CF2D78B003BBD57 /* AppDelegate.m */,
				22F486571CF2D809003BBD57 /* MySliderSwitch.h */,
				22F486581CF2D809003BBD57 /* MySliderSwitch.m */,
				22F4862A1CF2D78B003BBD57 /* ViewController.h */,
				22F4862B1CF2D78B003BBD57 /* ViewController.m */,
				22F4862D1CF2D78B003BBD57 /* Main.storyboard */,
				22F486301CF2D78B003BBD57 /* Assets.xcassets */,
				22F486321CF2D78B003BBD57 /* LaunchScreen.storyboard */,
				22F486351CF2D78B003BBD57 /* Info.plist */,
				22F486241CF2D78B003BBD57 /* Supporting Files */,
			);
			path = SwitchSliderDemo;
			sourceTree = "<group>";
		};
		22F486241CF2D78B003BBD57 /* Supporting Files */ = {
			isa = PBXGroup;
			children = (
				22F486251CF2D78B003BBD57 /* main.m */,
			);
			name = "Supporting Files";
			sourceTree = "<group>";
		};
		22F4863D1CF2D78C003BBD57 /* SwitchSliderDemoTests */ = {
			isa = PBXGroup;
			children = (
				22F4863E1CF2D78C003BBD57 /* SwitchSliderDemoTests.m */,
				22F486401CF2D78C003BBD57 /* Info.plist */,
			);
			path = SwitchSliderDemoTests;
			sourceTree = "<group>";
		};
		22F486481CF2D78C003BBD57 /* SwitchSliderDemoUITests */ = {
			isa = PBXGroup;
			children = (
				22F486491CF2D78C003BBD57 /* SwitchSliderDemoUITests.m */,
				22F4864B1CF2D78C003BBD57 /* Info.plist */,
			);
			path = SwitchSliderDemoUITests;
			sourceTree = "<group>";
		};
/* End PBXGroup section */

/* Begin PBXNativeTarget section */
		22F486201CF2D78B003BBD57 /* SwitchSliderDemo */ = {
			isa = PBXNativeTarget;
			buildConfigurationList = 22F4864E1CF2D78C003BBD57 /* Build configuration list for PBXNativeTarget "SwitchSliderDemo" */;
			buildPhases = (
				22F4861D1CF2D78B003BBD57 /* Sources */,
				22F4861E1CF2D78B003BBD57 /* Frameworks */,
				22F4861F1CF2D78B003BBD57 /* Resources */,
			);
			buildRules = (
			);
			dependencies = (
			);
			name = SwitchSliderDemo;
			productName = SwitchSliderDemo;
			productReference = 22F486211CF2D78B003BBD57 /* SwitchSliderDemo.app */;
			productType = "com.apple.product-type.application";
		};
		22F486391CF2D78C003BBD57 /* SwitchSliderDemoTests */ = {
			isa = PBXNativeTarget;
			buildConfigurationList = 22F486511CF2D78C003BBD57 /* Build configuration list for PBXNativeTarget "SwitchSliderDemoTests" */;
			buildPhases = (
				22F486361CF2D78C003BBD57 /* Sources */,
				22F486371CF2D78C003BBD57 /* Frameworks */,
				22F486381CF2D78C003BBD57 /* Resources */,
			);
			buildRules = (
			);
			dependencies = (
				22F4863C1CF2D78C003BBD57 /* PBXTargetDependency */,
			);
			name = SwitchSliderDemoTests;
			productName = SwitchSliderDemoTests;
			productReference = 22F4863A1CF2D78C003BBD57 /* SwitchSliderDemoTests.xctest */;
			productType = "com.apple.product-type.bundle.unit-test";
		};
		22F486441CF2D78C003BBD57 /* SwitchSliderDemoUITests */ = {
			isa = PBXNativeTarget;
			buildConfigurationList = 22F486541CF2D78C003BBD57 /* Build configuration list for PBXNativeTarget "SwitchSliderDemoUITests" */;
			buildPhases = (
				22F486411CF2D78C003BBD57 /* Sources */,
				22F486421CF2D78C003BBD57 /* Frameworks */,
				22F486431CF2D78C003BBD57 /* Resources */,
			);
			buildRules = (
			);
			dependencies = (
				22F486471CF2D78C003BBD57 /* PBXTargetDependency */,
			);
			name = SwitchSliderDemoUITests;
			productName = SwitchSliderDemoUITests;
			productReference = 22F486451CF2D78C003BBD57 /* SwitchSliderDemoUITests.xctest */;
			productType = "com.apple.product-type.bundle.ui-testing";
		};
/* End PBXNativeTarget section */

/* Begin PBXProject section */
		22F486191CF2D78B003BBD57 /* Project object */ = {
			isa = PBXProject;
			attributes = {
				LastUpgradeCheck = 0720;
				ORGANIZATIONNAME = "niaoren information technology co., LTD.";
				TargetAttributes = {
					22F486201CF2D78B003BBD57 = {
						CreatedOnToolsVersion = 7.2.1;
					};
					22F486391CF2D78C003BBD57 = {
						CreatedOnToolsVersion = 7.2.1;
						TestTargetID = 22F486201CF2D78B003BBD57;
					};
					22F486441CF2D78C003BBD57 = {
						CreatedOnToolsVersion = 7.2.1;
						TestTargetID = 22F486201CF2D78B003BBD57;
					};
				};
			};
			buildConfigurationList = 22F4861C1CF2D78B003BBD57 /* Build configuration list for PBXProject "SwitchSliderDemo" */;
			compatibilityVersion = "Xcode 3.2";
			developmentRegion = English;
			hasScannedForEncodings = 0;
			knownRegions = (
				en,
				Base,
			);
			mainGroup = 22F486181CF2D78B003BBD57;
			productRefGroup = 22F486221CF2D78B003BBD57 /* Products */;
			projectDirPath = "";
			projectRoot = "";
			targets = (
				22F486201CF2D78B003BBD57 /* SwitchSliderDemo */,
				22F486391CF2D78C003BBD57 /* SwitchSliderDemoTests */,
				22F486441CF2D78C003BBD57 /* SwitchSliderDemoUITests */,
			);
		};
/* End PBXProject section */

/* Begin PBXResourcesBuildPhase section */
		22F4861F1CF2D78B003BBD57 /* Resources */ = {
			isa = PBXResourcesBuildPhase;
			buildActionMask = 2147483647;
			files = (
				22F486341CF2D78B003BBD57 /* LaunchScreen.storyboard in Resources */,
				22F486311CF2D78B003BBD57 /* Assets.xcassets in Resources */,
				22F4862F1CF2D78B003BBD57 /* Main.storyboard in Resources */,
			);
			runOnlyForDeploymentPostprocessing = 0;
		};
		22F486381CF2D78C003BBD57 /* Resources */ = {
			isa = PBXResourcesBuildPhase;
			buildActionMask = 2147483647;
			files = (
			);
			runOnlyForDeploymentPostprocessing = 0;
		};
		22F486431CF2D78C003BBD57 /* Resources */ = {
			isa = PBXResourcesBuildPhase;
			buildActionMask = 2147483647;
			files = (
			);
			runOnlyForDeploymentPostprocessing = 0;
		};
/* End PBXResourcesBuildPhase section */

/* Begin PBXSourcesBuildPhase section */
		22F4861D1CF2D78B003BBD57 /* Sources */ = {
			isa = PBXSourcesBuildPhase;
			buildActionMask = 2147483647;
			files = (
				22F4862C1CF2D78B003BBD57 /* ViewController.m in Sources */,
				22F486291CF2D78B003BBD57 /* AppDelegate.m in Sources */,
				22F486591CF2D809003BBD57 /* MySliderSwitch.m in Sources */,
				22F486261CF2D78B003BBD57 /* main.m in Sources */,
			);
			runOnlyForDeploymentPostprocessing = 0;
		};
		22F486361CF2D78C003BBD57 /* Sources */ = {
			isa = PBXSourcesBuildPhase;
			buildActionMask = 2147483647;
			files = (
				22F4863F1CF2D78C003BBD57 /* SwitchSliderDemoTests.m in Sources */,
			);
			runOnlyForDeploymentPostprocessing = 0;
		};
		22F486411CF2D78C003BBD57 /* Sources */ = {
			isa = PBXSourcesBuildPhase;
			buildActionMask = 2147483647;
			files = (
				22F4864A1CF2D78C003BBD57 /* SwitchSliderDemoUITests.m in Sources */,
			);
			runOnlyForDeploymentPostprocessing = 0;
		};
/* End PBXSourcesBuildPhase section */

/* Begin PBXTargetDependency section */
		22F4863C1CF2D78C003BBD57 /* PBXTargetDependency */ = {
			isa = PBXTargetDependency;
			target = 22F486201CF2D78B003BBD57 /* SwitchSliderDemo */;
			targetProxy = 22F4863B1CF2D78C003BBD57 /* PBXContainerItemProxy */;
		};
		22F486471CF2D78C003BBD57 /* PBXTargetDependency */ = {
			isa = PBXTargetDependency;
			target = 22F486201CF2D78B003BBD57 /* SwitchSliderDemo */;
			targetProxy = 22F486461CF2D78C003BBD57 /* PBXContainerItemProxy */;
		};
/* End PBXTargetDependency section */

/* Begin PBXVariantGroup section */
		22F4862D1CF2D78B003BBD57 /* Main.storyboard */ = {
			isa = PBXVariantGroup;
			children = (
				22F4862E1CF2D78B003BBD57 /* Base */,
			);
			name = Main.storyboard;
			sourceTree = "<group>";
		};
		22F486321CF2D78B003BBD57 /* LaunchScreen.storyboard */ = {
			isa = PBXVariantGroup;
			children = (
				22F486331CF2D78B003BBD57 /* Base */,
			);
			name = LaunchScreen.storyboard;
			sourceTree = "<group>";
		};
/* End PBXVariantGroup section */

/* Begin XCBuildConfiguration section */
		22F4864C1CF2D78C003BBD57 /* Debug */ = {
			isa = XCBuildConfiguration;
			buildSettings = {
				ALWAYS_SEARCH_USER_PATHS = NO;
				CLANG_CXX_LANGUAGE_STANDARD = "gnu++0x";
				CLANG_CXX_LIBRARY = "libc++";
				CLANG_ENABLE_MODULES = YES;
				CLANG_ENABLE_OBJC_ARC = YES;
				CLANG_WARN_BOOL_CONVERSION = YES;
				CLANG_WARN_CONSTANT_CONVERSION = YES;
				CLANG_WARN_DIRECT_OBJC_ISA_USAGE = YES_ERROR;
				CLANG_WARN_EMPTY_BODY = YES;
				CLANG_WARN_ENUM_CONVERSION = YES;
				CLANG_WARN_INT_CONVERSION = YES;
				CLANG_WARN_OBJC_ROOT_CLASS = YES_ERROR;
				CLANG_WARN_UNREACHABLE_CODE = YES;
				CLANG_WARN__DUPLICATE_METHOD_MATCH = YES;
				"CODE_SIGN_IDENTITY[sdk=iphoneos*]" = "iPhone Developer";
				COPY_PHASE_STRIP = NO;
				DEBUG_INFORMATION_FORMAT = dwarf;
				ENABLE_STRICT_OBJC_MSGSEND = YES;
				ENABLE_TESTABILITY = YES;
				GCC_C_LANGUAGE_STANDARD = gnu99;
				GCC_DYNAMIC_NO_PIC = NO;
				GCC_NO_COMMON_BLOCKS = YES;
				GCC_OPTIMIZATION_LEVEL = 0;
				GCC_PREPROCESSOR_DEFINITIONS = (
					"DEBUG=1",
					"$(inherited)",
				);
				GCC_WARN_64_TO_32_BIT_CONVERSION = YES;
				GCC_WARN_ABOUT_RETURN_TYPE = YES_ERROR;
				GCC_WARN_UNDECLARED_SELECTOR = YES;
				GCC_WARN_UNINITIALIZED_AUTOS = YES_AGGRESSIVE;
				GCC_WARN_UNUSED_FUNCTION = YES;
				GCC_WARN_UNUSED_VARIABLE = YES;
				IPHONEOS_DEPLOYMENT_TARGET = 9.2;
				MTL_ENABLE_DEBUG_INFO = YES;
				ONLY_ACTIVE_ARCH = YES;
				SDKROOT = iphoneos;
				TARGETED_DEVICE_FAMILY = "1,2";
			};
			name = Debug;
		};
		22F4864D1CF2D78C003BBD57 /* Release */ = {
			isa = XCBuildConfiguration;
			buildSettings = {
				ALWAYS_SEARCH_USER_PATHS = NO;
				CLANG_CXX_LANGUAGE_STANDARD = "gnu++0x";
				CLANG_CXX_LIBRARY = "libc++";
				CLANG_ENABLE_MODULES = YES;
				CLANG_ENABLE_OBJC_ARC = YES;
				CLANG_WARN_BOOL_CONVERSION = YES;
				CLANG_WARN_CONSTANT_CONVERSION = YES;
				CLANG_WARN_DIRECT_OBJC_ISA_USAGE = YES_ERROR;
				CLANG_WARN_EMPTY_BODY = YES;
				CLANG_WARN_ENUM_CONVERSION = YES;
				CLANG_WARN_INT_CONVERSION = YES;
				CLANG_WARN_OBJC_ROOT_CLASS = YES_ERROR;
				CLANG_WARN_UNREACHABLE_CODE = YES;
				CLANG_WARN__DUPLICATE_METHOD_MATCH = YES;
				"CODE_SIGN_IDENTITY[sdk=iphoneos*]" = "iPhone Developer";
				COPY_PHASE_STRIP = NO;
				DEBUG_INFORMATION_FORMAT = "dwarf-with-dsym";
				ENABLE_NS_ASSERTIONS = NO;
				ENABLE_STRICT_OBJC_MSGSEND = YES;
				GCC_C_LANGUAGE_STANDARD = gnu99;
				GCC_NO_COMMON_BLOCKS = YES;
				GCC_WARN_64_TO_32_BIT_CONVERSION = YES;
				GCC_WARN_ABOUT_RETURN_TYPE = YES_ERROR;
				GCC_WARN_UNDECLARED_SELECTOR = YES;
				GCC_WARN_UNINITIALIZED_AUTOS = YES_AGGRESSIVE;
				GCC_WARN_UNUSED_FUNCTION = YES;
				GCC_WARN_UNUSED_VARIABLE = YES;
				IPHONEOS_DEPLOYMENT_TARGET = 9.2;
				MTL_ENABLE_DEBUG_INFO = NO;
				SDKROOT = iphoneos;
				TARGETED_DEVICE_FAMILY = "1,2";
				VALIDATE_PRODUCT = YES;
			};
			name = Release;
		};
		22F4864F1CF2D78C003BBD57 /* Debug */ = {
			isa = XCBuildConfiguration;
			buildSettings = {
				ASSETCATALOG_COMPILER_APPICON_NAME = AppIcon;
				INFOPLIST_FILE = SwitchSliderDemo/Info.plist;
				LD_RUNPATH_SEARCH_PATHS = "$(inherited) @executable_path/Frameworks";
				PRODUCT_BUNDLE_IDENTIFIER = "com.qq-.907374866.SwitchSliderDemo";
				PRODUCT_NAME = "$(TARGET_NAME)";
			};
			name = Debug;
		};
		22F486501CF2D78C003BBD57 /* Release */ = {
			isa = XCBuildConfiguration;
			buildSettings = {
				ASSETCATALOG_COMPILER_APPICON_NAME = AppIcon;
				INFOPLIST_FILE = SwitchSliderDemo/Info.plist;
				LD_RUNPATH_SEARCH_PATHS = "$(inherited) @executable_path/Frameworks";
				PRODUCT_BUNDLE_IDENTIFIER = "com.qq-.907374866.SwitchSliderDemo";
				PRODUCT_NAME = "$(TARGET_NAME)";
			};
			name = Release;
		};
		22F486521CF2D78C003BBD57 /* Debug */ = {
			isa = XCBuildConfiguration;
			buildSettings = {
				BUNDLE_LOADER = "$(TEST_HOST)";
				INFOPLIST_FILE = SwitchSliderDemoTests/Info.plist;
				LD_RUNPATH_SEARCH_PATHS = "$(inherited) @executable_path/Frameworks @loader_path/Frameworks";
				PRODUCT_BUNDLE_IDENTIFIER = "com.qq-.907374866.SwitchSliderDemoTests";
				PRODUCT_NAME = "$(TARGET_NAME)";
				TEST_HOST = "$(BUILT_PRODUCTS_DIR)/SwitchSliderDemo.app/SwitchSliderDemo";
			};
			name = Debug;
		};
		22F486531CF2D78C003BBD57 /* Release */ = {
			isa = XCBuildConfiguration;
			buildSettings = {
				BUNDLE_LOADER = "$(TEST_HOST)";
				INFOPLIST_FILE = SwitchSliderDemoTests/Info.plist;
				LD_RUNPATH_SEARCH_PATHS = "$(inherited) @executable_path/Frameworks @loader_path/Frameworks";
				PRODUCT_BUNDLE_IDENTIFIER = "com.qq-.907374866.SwitchSliderDemoTests";
				PRODUCT_NAME = "$(TARGET_NAME)";
				TEST_HOST = "$(BUILT_PRODUCTS_DIR)/SwitchSliderDemo.app/SwitchSliderDemo";
			};
			name = Release;
		};
		22F486551CF2D78C003BBD57 /* Debug */ = {
			isa = XCBuildConfiguration;
			buildSettings = {
				INFOPLIST_FILE = SwitchSliderDemoUITests/Info.plist;
				LD_RUNPATH_SEARCH_PATHS = "$(inherited) @executable_path/Frameworks @loader_path/Frameworks";
				PRODUCT_BUNDLE_IDENTIFIER = "com.qq-.907374866.SwitchSliderDemoUITests";
				PRODUCT_NAME = "$(TARGET_NAME)";
				TEST_TARGET_NAME = SwitchSliderDemo;
				USES_XCTRUNNER = YES;
			};
			name = Debug;
		};
		22F486561CF2D78C003BBD57 /* Release */ = {
			isa = XCBuildConfiguration;
			buildSettings = {
				INFOPLIST_FILE = SwitchSliderDemoUITests/Info.plist;
				LD_RUNPATH_SEARCH_PATHS = "$(inherited) @executable_path/Frameworks @loader_path/Frameworks";
				PRODUCT_BUNDLE_IDENTIFIER = "com.qq-.907374866.SwitchSliderDemoUITests";
				PRODUCT_NAME = "$(TARGET_NAME)";
				TEST_TARGET_NAME = SwitchSliderDemo;
				USES_XCTRUNNER = YES;
			};
			name = Release;
		};
/* End XCBuildConfiguration section */

/* Begin XCConfigurationList section */
		22F4861C1CF2D78B003BBD57 /* Build configuration list for PBXProject "SwitchSliderDemo" */ = {
			isa = XCConfigurationList;
			buildConfigurations = (
				22F4864C1CF2D78C003BBD57 /* Debug */,
				22F4864D1CF2D78C003BBD57 /* Release */,
			);
			defaultConfigurationIsVisible = 0;
			defaultConfigurationName = Release;
		};
		22F4864E1CF2D78C003BBD57 /* Build configuration list for PBXNativeTarget "SwitchSliderDemo" */ = {
			isa = XCConfigurationList;
			buildConfigurations = (
				22F4864F1CF2D78C003BBD57 /* Debug */,
				22F486501CF2D78C003BBD57 /* Release */,
			);
			defaultConfigurationIsVisible = 0;
		};
		22F486511CF2D78C003BBD57 /* Build configuration list for PBXNativeTarget "SwitchSliderDemoTests" */ = {
			isa = XCConfigurationList;
			buildConfigurations = (
				22F486521CF2D78C003BBD57 /* Debug */,
				22F486531CF2D78C003BBD57 /* Release */,
			);
			defaultConfigurationIsVisible = 0;
		};
		22F486541CF2D78C003BBD57 /* Build configuration list for PBXNativeTarget "SwitchSliderDemoUITests" */ = {
			isa = XCConfigurationList;
			buildConfigurations = (
				22F486551CF2D78C003BBD57 /* Debug */,
				22F486561CF2D78C003BBD57 /* Release */,
			);
			defaultConfigurationIsVisible = 0;
		};
/* End XCConfigurationList section */
	};
	rootObject = 22F486191CF2D78B003BBD57 /* Project object */;
}
